
Microsoft Visual Studio Solution File, Format Version 12.00
# Visual Studio Version 17
VisualStudioVersion = 17.4.33205.214
MinimumVisualStudioVersion = 10.0.40219.1
Project("{2150E333-8FDC-42A3-9474-1A3956D46DE8}") = "Variable", "Variable", "{4386E58D-D770-4E69-8D99-0323BCEB3348}"
EndProject
Project("{9A19103F-16F7-4668-BE54-9A1E7A4F7556}") = "One_Variable_", "Variable\One_Variable_\One_Variable_.csproj", "{EAD20D5B-0FC2-483A-80E8-3F1705AE24F6}"
EndProject
Project("{2150E333-8FDC-42A3-9474-1A3956D46DE8}") = "DataTypes", "DataTypes", "{A3936152-00FB-41A7-A1D8-7985A45C6CCD}"
EndProject
Project("{9A19103F-16F7-4668-BE54-9A1E7A4F7556}") = "One_Datatypes", "DataTypes\One_Datatypes\One_Datatypes.csproj", "{3A5B4FE8-406B-489F-A330-05A907599D8F}"
EndProject
Project("{9A19103F-16F7-4668-BE54-9A1E7A4F7556}") = "Two_WorkingWithStrings", "DataTypes\Two_WorkingWithStrings\Two_WorkingWithStrings.csproj", "{9F22E52C-C607-4681-8677-50530977D254}"
EndProject
Project("{FAE04EC0-301F-11D3-BF4B-00C04F79EFBC}") = "Three_WorkingWithNumbers", "DataTypes\Three_WorkingWithNumbers\Three_WorkingWithNumbers.csproj", "{88096AE2-1869-441F-9D19-1AA7A91BA427}"
EndProject
Project("{2150E333-8FDC-42A3-9474-1A3956D46DE8}") = "Getting User Input", "Getting User Input", "{21260015-4EA2-48CC-B57B-4066FA40C6BA}"
EndProject
Project("{FAE04EC0-301F-11D3-BF4B-00C04F79EFBC}") = "One_UserInput", "Getting User Input\One_UserInput\One_UserInput.csproj", "{A0E6BD48-1D6A-4CE7-8972-A3765D3BD6EB}"
EndProject
Project("{2150E333-8FDC-42A3-9474-1A3956D46DE8}") = "Building Calculator", "Building Calculator", "{C17A612B-12E9-4A22-81C3-B75CE8C7CD69}"
EndProject
Project("{FAE04EC0-301F-11D3-BF4B-00C04F79EFBC}") = "One_Simple Cal", "CalculatorMaking\One_Simple Cal\One_Simple Cal.csproj", "{FB7FA17D-A9D6-4C53-9BA9-4AA2B6E9F552}"
EndProject
Project("{2150E333-8FDC-42A3-9474-1A3956D46DE8}") = "Array", "Array", "{7D32133F-C4F6-4F04-BCD9-46EAACFBDD9F}"
EndProject
Project("{FAE04EC0-301F-11D3-BF4B-00C04F79EFBC}") = "One_Array", "Array\One_Array\One_Array.csproj", "{0B2D60A3-9BDB-47B4-8D1D-0FDA08DAA8A0}"
EndProject
Project("{2150E333-8FDC-42A3-9474-1A3956D46DE8}") = "Method", "Method", "{6CEA0699-C55C-4BAB-9FBD-EFA83D4858AB}"
EndProject
Project("{FAE04EC0-301F-11D3-BF4B-00C04F79EFBC}") = "One_Method", "Method\One_Method\One_Method.csproj", "{89D858E5-35BD-4BBC-BE17-CB9289C5F087}"
EndProject
Project("{FAE04EC0-301F-11D3-BF4B-00C04F79EFBC}") = "Mthod Concepts check", "Method\Mthod Concepts check\Mthod Concepts check.csproj", "{60234818-1D9E-4EBC-8E1F-5106D19A8454}"
EndProject
Project("{FAE04EC0-301F-11D3-BF4B-00C04F79EFBC}") = "Two_Method_Prametrized", "Method\Two_Method_Prametrized\Two_Method_Prametrized.csproj", "{9848981F-0543-46DD-8B5C-CE196856625D}"
EndProject
Project("{2150E333-8FDC-42A3-9474-1A3956D46DE8}") = "Loop", "Loop", "{3D3DD7C8-758A-4221-A133-E874FD8C3625}"
EndProject
Project("{FAE04EC0-301F-11D3-BF4B-00C04F79EFBC}") = "One_Loop_WhileLoop", "Loop\One_Loop_WhileLoop\One_Loop_WhileLoop.csproj", "{B57B0E5E-6F9A-4EC6-9AD9-B234DCCDC90E}"
EndProject
Project("{FAE04EC0-301F-11D3-BF4B-00C04F79EFBC}") = "Two_DoWhile", "Loop\Two_DoWhile\Two_DoWhile.csproj", "{7D747DED-CEFE-44A6-B8D0-62034BA060E8}"
EndProject
Project("{FAE04EC0-301F-11D3-BF4B-00C04F79EFBC}") = "Three_Loop_ForLoop", "Loop\Three_Loop_ForLoop\Three_Loop_ForLoop.csproj", "{D59BFBA6-BB8E-4C30-A42D-5118562B63DC}"
EndProject
Project("{2150E333-8FDC-42A3-9474-1A3956D46DE8}") = "Class_Object", "Class_Object", "{B6E0260E-33AD-4CD4-9F59-0B9969DCC98A}"
EndProject
Project("{FAE04EC0-301F-11D3-BF4B-00C04F79EFBC}") = "One_Class_Object", "Class_Object\One_Class_Object\One_Class_Object.csproj", "{D966CB88-4534-4608-B6EA-E667C27377CF}"
EndProject
Global
	GlobalSection(SolutionConfigurationPlatforms) = preSolution
		Debug|Any CPU = Debug|Any CPU
		Release|Any CPU = Release|Any CPU
	EndGlobalSection
	GlobalSection(ProjectConfigurationPlatforms) = postSolution
		{EAD20D5B-0FC2-483A-80E8-3F1705AE24F6}.Debug|Any CPU.ActiveCfg = Debug|Any CPU
		{EAD20D5B-0FC2-483A-80E8-3F1705AE24F6}.Debug|Any CPU.Build.0 = Debug|Any CPU
		{EAD20D5B-0FC2-483A-80E8-3F1705AE24F6}.Release|Any CPU.ActiveCfg = Release|Any CPU
		{EAD20D5B-0FC2-483A-80E8-3F1705AE24F6}.Release|Any CPU.Build.0 = Release|Any CPU
		{3A5B4FE8-406B-489F-A330-05A907599D8F}.Debug|Any CPU.ActiveCfg = Debug|Any CPU
		{3A5B4FE8-406B-489F-A330-05A907599D8F}.Debug|Any CPU.Build.0 = Debug|Any CPU
		{3A5B4FE8-406B-489F-A330-05A907599D8F}.Release|Any CPU.ActiveCfg = Release|Any CPU
		{3A5B4FE8-406B-489F-A330-05A907599D8F}.Release|Any CPU.Build.0 = Release|Any CPU
		{9F22E52C-C607-4681-8677-50530977D254}.Debug|Any CPU.ActiveCfg = Debug|Any CPU
		{9F22E52C-C607-4681-8677-50530977D254}.Debug|Any CPU.Build.0 = Debug|Any CPU
		{9F22E52C-C607-4681-8677-50530977D254}.Release|Any CPU.ActiveCfg = Release|Any CPU
		{9F22E52C-C607-4681-8677-50530977D254}.Release|Any CPU.Build.0 = Release|Any CPU
		{88096AE2-1869-441F-9D19-1AA7A91BA427}.Debug|Any CPU.ActiveCfg = Debug|Any CPU
		{88096AE2-1869-441F-9D19-1AA7A91BA427}.Debug|Any CPU.Build.0 = Debug|Any CPU
		{88096AE2-1869-441F-9D19-1AA7A91BA427}.Release|Any CPU.ActiveCfg = Release|Any CPU
		{88096AE2-1869-441F-9D19-1AA7A91BA427}.Release|Any CPU.Build.0 = Release|Any CPU
		{A0E6BD48-1D6A-4CE7-8972-A3765D3BD6EB}.Debug|Any CPU.ActiveCfg = Debug|Any CPU
		{A0E6BD48-1D6A-4CE7-8972-A3765D3BD6EB}.Debug|Any CPU.Build.0 = Debug|Any CPU
		{A0E6BD48-1D6A-4CE7-8972-A3765D3BD6EB}.Release|Any CPU.ActiveCfg = Release|Any CPU
		{A0E6BD48-1D6A-4CE7-8972-A3765D3BD6EB}.Release|Any CPU.Build.0 = Release|Any CPU
		{FB7FA17D-A9D6-4C53-9BA9-4AA2B6E9F552}.Debug|Any CPU.ActiveCfg = Debug|Any CPU
		{FB7FA17D-A9D6-4C53-9BA9-4AA2B6E9F552}.Debug|Any CPU.Build.0 = Debug|Any CPU
		{FB7FA17D-A9D6-4C53-9BA9-4AA2B6E9F552}.Release|Any CPU.ActiveCfg = Release|Any CPU
		{FB7FA17D-A9D6-4C53-9BA9-4AA2B6E9F552}.Release|Any CPU.Build.0 = Release|Any CPU
		{0B2D60A3-9BDB-47B4-8D1D-0FDA08DAA8A0}.Debug|Any CPU.ActiveCfg = Debug|Any CPU
		{0B2D60A3-9BDB-47B4-8D1D-0FDA08DAA8A0}.Debug|Any CPU.Build.0 = Debug|Any CPU
		{0B2D60A3-9BDB-47B4-8D1D-0FDA08DAA8A0}.Release|Any CPU.ActiveCfg = Release|Any CPU
		{0B2D60A3-9BDB-47B4-8D1D-0FDA08DAA8A0}.Release|Any CPU.Build.0 = Release|Any CPU
		{89D858E5-35BD-4BBC-BE17-CB9289C5F087}.Debug|Any CPU.ActiveCfg = Debug|Any CPU
		{89D858E5-35BD-4BBC-BE17-CB9289C5F087}.Debug|Any CPU.Build.0 = Debug|Any CPU
		{89D858E5-35BD-4BBC-BE17-CB9289C5F087}.Release|Any CPU.ActiveCfg = Release|Any CPU
		{89D858E5-35BD-4BBC-BE17-CB9289C5F087}.Release|Any CPU.Build.0 = Release|Any CPU
		{60234818-1D9E-4EBC-8E1F-5106D19A8454}.Debug|Any CPU.ActiveCfg = Debug|Any CPU
		{60234818-1D9E-4EBC-8E1F-5106D19A8454}.Debug|Any CPU.Build.0 = Debug|Any CPU
		{60234818-1D9E-4EBC-8E1F-5106D19A8454}.Release|Any CPU.ActiveCfg = Release|Any CPU
		{60234818-1D9E-4EBC-8E1F-5106D19A8454}.Release|Any CPU.Build.0 = Release|Any CPU
		{9848981F-0543-46DD-8B5C-CE196856625D}.Debug|Any CPU.ActiveCfg = Debug|Any CPU
		{9848981F-0543-46DD-8B5C-CE196856625D}.Debug|Any CPU.Build.0 = Debug|Any CPU
		{9848981F-0543-46DD-8B5C-CE196856625D}.Release|Any CPU.ActiveCfg = Release|Any CPU
		{9848981F-0543-46DD-8B5C-CE196856625D}.Release|Any CPU.Build.0 = Release|Any CPU
		{B57B0E5E-6F9A-4EC6-9AD9-B234DCCDC90E}.Debug|Any CPU.ActiveCfg = Debug|Any CPU
		{B57B0E5E-6F9A-4EC6-9AD9-B234DCCDC90E}.Debug|Any CPU.Build.0 = Debug|Any CPU
		{B57B0E5E-6F9A-4EC6-9AD9-B234DCCDC90E}.Release|Any CPU.ActiveCfg = Release|Any CPU
		{B57B0E5E-6F9A-4EC6-9AD9-B234DCCDC90E}.Release|Any CPU.Build.0 = Release|Any CPU
		{7D747DED-CEFE-44A6-B8D0-62034BA060E8}.Debug|Any CPU.ActiveCfg = Debug|Any CPU
		{7D747DED-CEFE-44A6-B8D0-62034BA060E8}.Debug|Any CPU.Build.0 = Debug|Any CPU
		{7D747DED-CEFE-44A6-B8D0-62034BA060E8}.Release|Any CPU.ActiveCfg = Release|Any CPU
		{7D747DED-CEFE-44A6-B8D0-62034BA060E8}.Release|Any CPU.Build.0 = Release|Any CPU
		{D59BFBA6-BB8E-4C30-A42D-5118562B63DC}.Debug|Any CPU.ActiveCfg = Debug|Any CPU
		{D59BFBA6-BB8E-4C30-A42D-5118562B63DC}.Debug|Any CPU.Build.0 = Debug|Any CPU
		{D59BFBA6-BB8E-4C30-A42D-5118562B63DC}.Release|Any CPU.ActiveCfg = Release|Any CPU
		{D59BFBA6-BB8E-4C30-A42D-5118562B63DC}.Release|Any CPU.Build.0 = Release|Any CPU
		{D966CB88-4534-4608-B6EA-E667C27377CF}.Debug|Any CPU.ActiveCfg = Debug|Any CPU
		{D966CB88-4534-4608-B6EA-E667C27377CF}.Debug|Any CPU.Build.0 = Debug|Any CPU
		{D966CB88-4534-4608-B6EA-E667C27377CF}.Release|Any CPU.ActiveCfg = Release|Any CPU
		{D966CB88-4534-4608-B6EA-E667C27377CF}.Release|Any CPU.Build.0 = Release|Any CPU
	EndGlobalSection
	GlobalSection(SolutionProperties) = preSolution
		HideSolutionNode = FALSE
	EndGlobalSection
	GlobalSection(NestedProjects) = preSolution
		{EAD20D5B-0FC2-483A-80E8-3F1705AE24F6} = {4386E58D-D770-4E69-8D99-0323BCEB3348}
		{3A5B4FE8-406B-489F-A330-05A907599D8F} = {A3936152-00FB-41A7-A1D8-7985A45C6CCD}
		{9F22E52C-C607-4681-8677-50530977D254} = {A3936152-00FB-41A7-A1D8-7985A45C6CCD}
		{88096AE2-1869-441F-9D19-1AA7A91BA427} = {A3936152-00FB-41A7-A1D8-7985A45C6CCD}
		{A0E6BD48-1D6A-4CE7-8972-A3765D3BD6EB} = {21260015-4EA2-48CC-B57B-4066FA40C6BA}
		{FB7FA17D-A9D6-4C53-9BA9-4AA2B6E9F552} = {C17A612B-12E9-4A22-81C3-B75CE8C7CD69}
		{0B2D60A3-9BDB-47B4-8D1D-0FDA08DAA8A0} = {7D32133F-C4F6-4F04-BCD9-46EAACFBDD9F}
		{89D858E5-35BD-4BBC-BE17-CB9289C5F087} = {6CEA0699-C55C-4BAB-9FBD-EFA83D4858AB}
		{60234818-1D9E-4EBC-8E1F-5106D19A8454} = {6CEA0699-C55C-4BAB-9FBD-EFA83D4858AB}
		{9848981F-0543-46DD-8B5C-CE196856625D} = {6CEA0699-C55C-4BAB-9FBD-EFA83D4858AB}
		{B57B0E5E-6F9A-4EC6-9AD9-B234DCCDC90E} = {3D3DD7C8-758A-4221-A133-E874FD8C3625}
		{7D747DED-CEFE-44A6-B8D0-62034BA060E8} = {3D3DD7C8-758A-4221-A133-E874FD8C3625}
		{D59BFBA6-BB8E-4C30-A42D-5118562B63DC} = {3D3DD7C8-758A-4221-A133-E874FD8C3625}
		{D966CB88-4534-4608-B6EA-E667C27377CF} = {B6E0260E-33AD-4CD4-9F59-0B9969DCC98A}
	EndGlobalSection
	GlobalSection(ExtensibilityGlobals) = postSolution
		SolutionGuid = {131986FE-BA5A-4F0D-AA17-686722E76D21}
	EndGlobalSection
EndGlobal
