
Microsoft Visual Studio Solution File, Format Version 12.00
# Visual Studio Version 17
VisualStudioVersion = 17.4.33205.214
MinimumVisualStudioVersion = 10.0.40219.1
Project("{2150E333-8FDC-42A3-9474-1A3956D46DE8}") = "Variable", "Variable", "{04055465-5E1C-4594-B031-AE474944999D}"
EndProject
Project("{9A19103F-16F7-4668-BE54-9A1E7A4F7556}") = "One_Variable_Simple", "..\Variable\One_Variable_Simple\One_Variable_Simple.csproj", "{7942F869-3C18-461F-A66B-E1709213BAD1}"
EndProject
Project("{9A19103F-16F7-4668-BE54-9A1E7A4F7556}") = "Two_Variable_Constant", "..\Variable\Two_Variable_Constant\Two_Variable_Constant.csproj", "{9AEC2B3F-88C7-46EE-84F6-E83429089EDC}"
EndProject
Project("{9A19103F-16F7-4668-BE54-9A1E7A4F7556}") = "Three_Variable_TypeCasting", "..\Variable\Three_Variable_TypeCasting\Three_Variable_TypeCasting.csproj", "{DBAB7BD2-1DA9-4F51-8688-D06E762F8C49}"
EndProject
Project("{9A19103F-16F7-4668-BE54-9A1E7A4F7556}") = "Four_Variable_Boxing_Unboxing", "..\Variable\Four_Variable_Boxing_Unboxing\Four_Variable_Boxing_Unboxing.csproj", "{0B2891C1-75E0-413A-9781-C0CDDACA6B90}"
EndProject
Project("{9A19103F-16F7-4668-BE54-9A1E7A4F7556}") = "Five_Variable_ReadOnlyVariable", "..\Variable\Five_Variable_ReadOnlyVariable\Five_Variable_ReadOnlyVariable.csproj", "{7E375D1A-01B0-4ABF-82BB-CCF8C6A8A23E}"
EndProject
Project("{2150E333-8FDC-42A3-9474-1A3956D46DE8}") = "ConditionalStatements", "ConditionalStatements", "{DE60EA27-47E5-484B-A987-9D326CF7B45C}"
EndProject
Project("{9A19103F-16F7-4668-BE54-9A1E7A4F7556}") = "One_ConditionalStatements_If", "..\ConditionalStatements\One_ConditionalStatements_If\One_ConditionalStatements_If.csproj", "{3C2CE696-96B0-4AEF-BF77-E1D9329C8B1B}"
EndProject
Project("{9A19103F-16F7-4668-BE54-9A1E7A4F7556}") = "Two_ConditionalStatements_If_Else", "..\ConditionalStatements\Two_ConditionalStatements_If_Else\Two_ConditionalStatements_If_Else.csproj", "{23BA721A-04B5-4B76-B3A3-CA4D988CD5BA}"
EndProject
Project("{9A19103F-16F7-4668-BE54-9A1E7A4F7556}") = "Six_Variable_UserInput", "..\Variable\Six_Variable_UserInput\Six_Variable_UserInput.csproj", "{62ABEE4A-E779-4D7B-A855-951783E5584D}"
EndProject
Project("{9A19103F-16F7-4668-BE54-9A1E7A4F7556}") = "Seven_Variable_InsantceVariable", "..\Variable\Seven_Variable_InsantceVariable\Seven_Variable_InsantceVariable.csproj", "{0E13F747-97B0-4F74-B16E-34580BDD8B5C}"
EndProject
Project("{2150E333-8FDC-42A3-9474-1A3956D46DE8}") = "Discission", "Discission", "{3E2894A5-BCE7-4AFD-BC12-CF5AFD36A0A4}"
	ProjectSection(SolutionItems) = preProject
		ConditionalStatment.txt = ConditionalStatment.txt
		Operator.txt = Operator.txt
		Variable Discussion.txt = Variable Discussion.txt
	EndProjectSection
EndProject
Project("{2150E333-8FDC-42A3-9474-1A3956D46DE8}") = "Operator", "Operator", "{DFE2D59D-3178-423E-814A-B5A98AD448AE}"
EndProject
Project("{9A19103F-16F7-4668-BE54-9A1E7A4F7556}") = "three_ConditionalStatement_Ternary", "..\ConditionalStatements\three_ConditionalStatement_Ternary\three_ConditionalStatement_Ternary.csproj", "{2B1B84D6-32F7-4F69-AF49-3CA0E29FA172}"
EndProject
Project("{9A19103F-16F7-4668-BE54-9A1E7A4F7556}") = "One_Operator_Arithmetic", "..\Operator\One_Operator_Arithmetic\One_Operator_Arithmetic.csproj", "{D89299D9-62DB-4295-98B8-E116A3AC6D4F}"
EndProject
Project("{9A19103F-16F7-4668-BE54-9A1E7A4F7556}") = "two_operator_logical", "..\Operator\two_operator_logical\two_operator_logical.csproj", "{FB2071FB-2EA0-4E68-906C-493128A1D979}"
EndProject
Project("{9A19103F-16F7-4668-BE54-9A1E7A4F7556}") = "Three_operator_assigment", "..\Operator\Three_operator_assigment\Three_operator_assigment.csproj", "{695727B2-3F0C-4617-892A-B6EC4FCB116B}"
EndProject
Project("{9A19103F-16F7-4668-BE54-9A1E7A4F7556}") = "four_operator_precedence", "..\Operator\four_operator_precedence\four_operator_precedence.csproj", "{140A919D-2D4A-4DCE-847D-08BE900D393C}"
EndProject
Global
	GlobalSection(SolutionConfigurationPlatforms) = preSolution
		Debug|Any CPU = Debug|Any CPU
		Release|Any CPU = Release|Any CPU
	EndGlobalSection
	GlobalSection(ProjectConfigurationPlatforms) = postSolution
		{7942F869-3C18-461F-A66B-E1709213BAD1}.Debug|Any CPU.ActiveCfg = Debug|Any CPU
		{7942F869-3C18-461F-A66B-E1709213BAD1}.Debug|Any CPU.Build.0 = Debug|Any CPU
		{7942F869-3C18-461F-A66B-E1709213BAD1}.Release|Any CPU.ActiveCfg = Release|Any CPU
		{7942F869-3C18-461F-A66B-E1709213BAD1}.Release|Any CPU.Build.0 = Release|Any CPU
		{9AEC2B3F-88C7-46EE-84F6-E83429089EDC}.Debug|Any CPU.ActiveCfg = Debug|Any CPU
		{9AEC2B3F-88C7-46EE-84F6-E83429089EDC}.Debug|Any CPU.Build.0 = Debug|Any CPU
		{9AEC2B3F-88C7-46EE-84F6-E83429089EDC}.Release|Any CPU.ActiveCfg = Release|Any CPU
		{9AEC2B3F-88C7-46EE-84F6-E83429089EDC}.Release|Any CPU.Build.0 = Release|Any CPU
		{DBAB7BD2-1DA9-4F51-8688-D06E762F8C49}.Debug|Any CPU.ActiveCfg = Debug|Any CPU
		{DBAB7BD2-1DA9-4F51-8688-D06E762F8C49}.Debug|Any CPU.Build.0 = Debug|Any CPU
		{DBAB7BD2-1DA9-4F51-8688-D06E762F8C49}.Release|Any CPU.ActiveCfg = Release|Any CPU
		{DBAB7BD2-1DA9-4F51-8688-D06E762F8C49}.Release|Any CPU.Build.0 = Release|Any CPU
		{0B2891C1-75E0-413A-9781-C0CDDACA6B90}.Debug|Any CPU.ActiveCfg = Debug|Any CPU
		{0B2891C1-75E0-413A-9781-C0CDDACA6B90}.Debug|Any CPU.Build.0 = Debug|Any CPU
		{0B2891C1-75E0-413A-9781-C0CDDACA6B90}.Release|Any CPU.ActiveCfg = Release|Any CPU
		{0B2891C1-75E0-413A-9781-C0CDDACA6B90}.Release|Any CPU.Build.0 = Release|Any CPU
		{7E375D1A-01B0-4ABF-82BB-CCF8C6A8A23E}.Debug|Any CPU.ActiveCfg = Debug|Any CPU
		{7E375D1A-01B0-4ABF-82BB-CCF8C6A8A23E}.Debug|Any CPU.Build.0 = Debug|Any CPU
		{7E375D1A-01B0-4ABF-82BB-CCF8C6A8A23E}.Release|Any CPU.ActiveCfg = Release|Any CPU
		{7E375D1A-01B0-4ABF-82BB-CCF8C6A8A23E}.Release|Any CPU.Build.0 = Release|Any CPU
		{3C2CE696-96B0-4AEF-BF77-E1D9329C8B1B}.Debug|Any CPU.ActiveCfg = Debug|Any CPU
		{3C2CE696-96B0-4AEF-BF77-E1D9329C8B1B}.Debug|Any CPU.Build.0 = Debug|Any CPU
		{3C2CE696-96B0-4AEF-BF77-E1D9329C8B1B}.Release|Any CPU.ActiveCfg = Release|Any CPU
		{3C2CE696-96B0-4AEF-BF77-E1D9329C8B1B}.Release|Any CPU.Build.0 = Release|Any CPU
		{23BA721A-04B5-4B76-B3A3-CA4D988CD5BA}.Debug|Any CPU.ActiveCfg = Debug|Any CPU
		{23BA721A-04B5-4B76-B3A3-CA4D988CD5BA}.Debug|Any CPU.Build.0 = Debug|Any CPU
		{23BA721A-04B5-4B76-B3A3-CA4D988CD5BA}.Release|Any CPU.ActiveCfg = Release|Any CPU
		{23BA721A-04B5-4B76-B3A3-CA4D988CD5BA}.Release|Any CPU.Build.0 = Release|Any CPU
		{62ABEE4A-E779-4D7B-A855-951783E5584D}.Debug|Any CPU.ActiveCfg = Debug|Any CPU
		{62ABEE4A-E779-4D7B-A855-951783E5584D}.Debug|Any CPU.Build.0 = Debug|Any CPU
		{62ABEE4A-E779-4D7B-A855-951783E5584D}.Release|Any CPU.ActiveCfg = Release|Any CPU
		{62ABEE4A-E779-4D7B-A855-951783E5584D}.Release|Any CPU.Build.0 = Release|Any CPU
		{0E13F747-97B0-4F74-B16E-34580BDD8B5C}.Debug|Any CPU.ActiveCfg = Debug|Any CPU
		{0E13F747-97B0-4F74-B16E-34580BDD8B5C}.Debug|Any CPU.Build.0 = Debug|Any CPU
		{0E13F747-97B0-4F74-B16E-34580BDD8B5C}.Release|Any CPU.ActiveCfg = Release|Any CPU
		{0E13F747-97B0-4F74-B16E-34580BDD8B5C}.Release|Any CPU.Build.0 = Release|Any CPU
		{2B1B84D6-32F7-4F69-AF49-3CA0E29FA172}.Debug|Any CPU.ActiveCfg = Debug|Any CPU
		{2B1B84D6-32F7-4F69-AF49-3CA0E29FA172}.Debug|Any CPU.Build.0 = Debug|Any CPU
		{2B1B84D6-32F7-4F69-AF49-3CA0E29FA172}.Release|Any CPU.ActiveCfg = Release|Any CPU
		{2B1B84D6-32F7-4F69-AF49-3CA0E29FA172}.Release|Any CPU.Build.0 = Release|Any CPU
		{D89299D9-62DB-4295-98B8-E116A3AC6D4F}.Debug|Any CPU.ActiveCfg = Debug|Any CPU
		{D89299D9-62DB-4295-98B8-E116A3AC6D4F}.Debug|Any CPU.Build.0 = Debug|Any CPU
		{D89299D9-62DB-4295-98B8-E116A3AC6D4F}.Release|Any CPU.ActiveCfg = Release|Any CPU
		{D89299D9-62DB-4295-98B8-E116A3AC6D4F}.Release|Any CPU.Build.0 = Release|Any CPU
		{FB2071FB-2EA0-4E68-906C-493128A1D979}.Debug|Any CPU.ActiveCfg = Debug|Any CPU
		{FB2071FB-2EA0-4E68-906C-493128A1D979}.Debug|Any CPU.Build.0 = Debug|Any CPU
		{FB2071FB-2EA0-4E68-906C-493128A1D979}.Release|Any CPU.ActiveCfg = Release|Any CPU
		{FB2071FB-2EA0-4E68-906C-493128A1D979}.Release|Any CPU.Build.0 = Release|Any CPU
		{695727B2-3F0C-4617-892A-B6EC4FCB116B}.Debug|Any CPU.ActiveCfg = Debug|Any CPU
		{695727B2-3F0C-4617-892A-B6EC4FCB116B}.Debug|Any CPU.Build.0 = Debug|Any CPU
		{695727B2-3F0C-4617-892A-B6EC4FCB116B}.Release|Any CPU.ActiveCfg = Release|Any CPU
		{695727B2-3F0C-4617-892A-B6EC4FCB116B}.Release|Any CPU.Build.0 = Release|Any CPU
		{140A919D-2D4A-4DCE-847D-08BE900D393C}.Debug|Any CPU.ActiveCfg = Debug|Any CPU
		{140A919D-2D4A-4DCE-847D-08BE900D393C}.Debug|Any CPU.Build.0 = Debug|Any CPU
		{140A919D-2D4A-4DCE-847D-08BE900D393C}.Release|Any CPU.ActiveCfg = Release|Any CPU
		{140A919D-2D4A-4DCE-847D-08BE900D393C}.Release|Any CPU.Build.0 = Release|Any CPU
	EndGlobalSection
	GlobalSection(SolutionProperties) = preSolution
		HideSolutionNode = FALSE
	EndGlobalSection
	GlobalSection(NestedProjects) = preSolution
		{7942F869-3C18-461F-A66B-E1709213BAD1} = {04055465-5E1C-4594-B031-AE474944999D}
		{9AEC2B3F-88C7-46EE-84F6-E83429089EDC} = {04055465-5E1C-4594-B031-AE474944999D}
		{DBAB7BD2-1DA9-4F51-8688-D06E762F8C49} = {04055465-5E1C-4594-B031-AE474944999D}
		{0B2891C1-75E0-413A-9781-C0CDDACA6B90} = {04055465-5E1C-4594-B031-AE474944999D}
		{7E375D1A-01B0-4ABF-82BB-CCF8C6A8A23E} = {04055465-5E1C-4594-B031-AE474944999D}
		{3C2CE696-96B0-4AEF-BF77-E1D9329C8B1B} = {DE60EA27-47E5-484B-A987-9D326CF7B45C}
		{23BA721A-04B5-4B76-B3A3-CA4D988CD5BA} = {DE60EA27-47E5-484B-A987-9D326CF7B45C}
		{62ABEE4A-E779-4D7B-A855-951783E5584D} = {04055465-5E1C-4594-B031-AE474944999D}
		{0E13F747-97B0-4F74-B16E-34580BDD8B5C} = {04055465-5E1C-4594-B031-AE474944999D}
		{2B1B84D6-32F7-4F69-AF49-3CA0E29FA172} = {DE60EA27-47E5-484B-A987-9D326CF7B45C}
		{D89299D9-62DB-4295-98B8-E116A3AC6D4F} = {DFE2D59D-3178-423E-814A-B5A98AD448AE}
		{FB2071FB-2EA0-4E68-906C-493128A1D979} = {DFE2D59D-3178-423E-814A-B5A98AD448AE}
		{695727B2-3F0C-4617-892A-B6EC4FCB116B} = {DFE2D59D-3178-423E-814A-B5A98AD448AE}
		{140A919D-2D4A-4DCE-847D-08BE900D393C} = {DFE2D59D-3178-423E-814A-B5A98AD448AE}
	EndGlobalSection
	GlobalSection(ExtensibilityGlobals) = postSolution
		SolutionGuid = {1F6D93CC-614D-4276-871E-28311B846721}
	EndGlobalSection
EndGlobal
