
Microsoft Visual Studio Solution File, Format Version 12.00
# Visual Studio Version 17
VisualStudioVersion = 17.4.33205.214
MinimumVisualStudioVersion = 10.0.40219.1
Project("{2150E333-8FDC-42A3-9474-1A3956D46DE8}") = "Variable", "Variable", "{04055465-5E1C-4594-B031-AE474944999D}"
EndProject
Project("{9A19103F-16F7-4668-BE54-9A1E7A4F7556}") = "One_Variable_Simple", "..\Variable\One_Variable_Simple\One_Variable_Simple.csproj", "{7942F869-3C18-461F-A66B-E1709213BAD1}"
EndProject
Project("{9A19103F-16F7-4668-BE54-9A1E7A4F7556}") = "Two_Variable_Constant", "..\Variable\Two_Variable_Constant\Two_Variable_Constant.csproj", "{9AEC2B3F-88C7-46EE-84F6-E83429089EDC}"
EndProject
Project("{9A19103F-16F7-4668-BE54-9A1E7A4F7556}") = "Three_Variable_TypeCasting", "..\Variable\Three_Variable_TypeCasting\Three_Variable_TypeCasting.csproj", "{DBAB7BD2-1DA9-4F51-8688-D06E762F8C49}"
EndProject
Project("{9A19103F-16F7-4668-BE54-9A1E7A4F7556}") = "Four_Variable_Boxing_Unboxing", "..\Variable\Four_Variable_Boxing_Unboxing\Four_Variable_Boxing_Unboxing.csproj", "{0B2891C1-75E0-413A-9781-C0CDDACA6B90}"
EndProject
Project("{9A19103F-16F7-4668-BE54-9A1E7A4F7556}") = "Five_Variable_ReadOnlyVariable", "..\Variable\Five_Variable_ReadOnlyVariable\Five_Variable_ReadOnlyVariable.csproj", "{7E375D1A-01B0-4ABF-82BB-CCF8C6A8A23E}"
EndProject
Project("{2150E333-8FDC-42A3-9474-1A3956D46DE8}") = "ConditionalStatements", "ConditionalStatements", "{DE60EA27-47E5-484B-A987-9D326CF7B45C}"
EndProject
Project("{9A19103F-16F7-4668-BE54-9A1E7A4F7556}") = "One_ConditionalStatements_If", "..\ConditionalStatements\One_ConditionalStatements_If\One_ConditionalStatements_If.csproj", "{3C2CE696-96B0-4AEF-BF77-E1D9329C8B1B}"
EndProject
Project("{9A19103F-16F7-4668-BE54-9A1E7A4F7556}") = "Two_ConditionalStatements_If_Else", "..\ConditionalStatements\Two_ConditionalStatements_If_Else\Two_ConditionalStatements_If_Else.csproj", "{23BA721A-04B5-4B76-B3A3-CA4D988CD5BA}"
EndProject
Project("{9A19103F-16F7-4668-BE54-9A1E7A4F7556}") = "Six_Variable_UserInput", "..\Variable\Six_Variable_UserInput\Six_Variable_UserInput.csproj", "{62ABEE4A-E779-4D7B-A855-951783E5584D}"
EndProject
Project("{9A19103F-16F7-4668-BE54-9A1E7A4F7556}") = "Seven_Variable_InsantceVariable", "..\Variable\Seven_Variable_InsantceVariable\Seven_Variable_InsantceVariable.csproj", "{0E13F747-97B0-4F74-B16E-34580BDD8B5C}"
EndProject
Project("{2150E333-8FDC-42A3-9474-1A3956D46DE8}") = "Discission", "Discission", "{3E2894A5-BCE7-4AFD-BC12-CF5AFD36A0A4}"
	ProjectSection(SolutionItems) = preProject
		ConditionalStatment.txt = ConditionalStatment.txt
		Interview.txt = Interview.txt
		Operator.txt = Operator.txt
		Variable Discussion.txt = Variable Discussion.txt
	EndProjectSection
EndProject
Project("{2150E333-8FDC-42A3-9474-1A3956D46DE8}") = "Operator", "Operator", "{DFE2D59D-3178-423E-814A-B5A98AD448AE}"
EndProject
Project("{9A19103F-16F7-4668-BE54-9A1E7A4F7556}") = "three_ConditionalStatement_Ternary", "..\ConditionalStatements\three_ConditionalStatement_Ternary\three_ConditionalStatement_Ternary.csproj", "{2B1B84D6-32F7-4F69-AF49-3CA0E29FA172}"
EndProject
Project("{9A19103F-16F7-4668-BE54-9A1E7A4F7556}") = "One_Operator_Arithmetic", "..\Operator\One_Operator_Arithmetic\One_Operator_Arithmetic.csproj", "{D89299D9-62DB-4295-98B8-E116A3AC6D4F}"
EndProject
Project("{9A19103F-16F7-4668-BE54-9A1E7A4F7556}") = "two_operator_logical", "..\Operator\two_operator_logical\two_operator_logical.csproj", "{FB2071FB-2EA0-4E68-906C-493128A1D979}"
EndProject
Project("{9A19103F-16F7-4668-BE54-9A1E7A4F7556}") = "Three_operator_assigment", "..\Operator\Three_operator_assigment\Three_operator_assigment.csproj", "{695727B2-3F0C-4617-892A-B6EC4FCB116B}"
EndProject
Project("{9A19103F-16F7-4668-BE54-9A1E7A4F7556}") = "four_operator_precedence", "..\Operator\four_operator_precedence\four_operator_precedence.csproj", "{140A919D-2D4A-4DCE-847D-08BE900D393C}"
EndProject
Project("{9A19103F-16F7-4668-BE54-9A1E7A4F7556}") = "Eight_Variable_StaticVariable", "..\Variable\Eight_Variable_StaticVariable\Eight_Variable_StaticVariable.csproj", "{187C2DA0-802A-4AED-8526-EC3F8896FF83}"
EndProject
Project("{2150E333-8FDC-42A3-9474-1A3956D46DE8}") = "Loop", "Loop", "{87CC461B-053E-4926-9A21-D3C9E7AA8852}"
EndProject
Project("{2150E333-8FDC-42A3-9474-1A3956D46DE8}") = "Array", "Array", "{A9C8A72A-57AC-486E-B296-CB856FA99AF7}"
EndProject
Project("{9A19103F-16F7-4668-BE54-9A1E7A4F7556}") = "one_array_SingleDimensional", "..\Array\one_array_SingleDimensional\one_array_SingleDimensional.csproj", "{57E932BC-F155-40A2-8DA0-7E852FAF89C6}"
EndProject
Project("{2150E333-8FDC-42A3-9474-1A3956D46DE8}") = "Array_Loop", "Array_Loop", "{295DD318-AA21-4E2D-A98B-BF96DB15C6AD}"
EndProject
Project("{9A19103F-16F7-4668-BE54-9A1E7A4F7556}") = "One_Loop_For", "..\loop\One_Loop_For\One_Loop_For.csproj", "{8B1B5FA9-7604-4FBE-9579-5A0AEE5B7B9E}"
EndProject
Project("{9A19103F-16F7-4668-BE54-9A1E7A4F7556}") = "Two_Loop_While", "..\loop\Two_Loop_While\Two_Loop_While.csproj", "{47C32787-1F5B-4172-BB43-2E80548CDC9F}"
EndProject
Project("{9A19103F-16F7-4668-BE54-9A1E7A4F7556}") = "Three_Loop_Do_While", "..\loop\Three_Loop_Do_While\Three_Loop_Do_While.csproj", "{CFF24943-0B64-47C5-97D6-EA1A490B6E64}"
EndProject
Project("{9A19103F-16F7-4668-BE54-9A1E7A4F7556}") = "One_Array_ForLoop", "..\Array_Loop\One_Array_ForLoop\One_Array_ForLoop.csproj", "{1CCB381D-20A1-4AA1-9D3B-284ECE711E96}"
EndProject
Project("{9A19103F-16F7-4668-BE54-9A1E7A4F7556}") = "Two_Array_WhileLoop", "..\Array_Loop\Two_Array_WhileLoop\Two_Array_WhileLoop.csproj", "{8D68740C-787C-47AD-8AB2-8F80BE0A4755}"
EndProject
Project("{9A19103F-16F7-4668-BE54-9A1E7A4F7556}") = "Three_Array_DoWhile", "..\Array_Loop\Three_Array_DoWhile\Three_Array_DoWhile.csproj", "{3748C58D-7524-4AAA-A456-5DFC80544754}"
EndProject
Project("{9A19103F-16F7-4668-BE54-9A1E7A4F7556}") = "Four_Array_IfLoop", "..\Array_Loop\Four_Array_IfLoop\Four_Array_IfLoop.csproj", "{621E832B-E2FF-41ED-84CE-1BF10F6DF711}"
EndProject
Project("{9A19103F-16F7-4668-BE54-9A1E7A4F7556}") = "Five_array_foreach", "..\loop\Five_loop_foreach\Five_array_foreach.csproj", "{D1AB7350-0FBC-4140-8D6A-19A02DC8DF6D}"
EndProject
Project("{2150E333-8FDC-42A3-9474-1A3956D46DE8}") = "Method", "Method", "{C329FD3C-A9BE-4760-BB0E-FD60F786D943}"
EndProject
Project("{9A19103F-16F7-4668-BE54-9A1E7A4F7556}") = "one_method_simple", "..\Method\one_method_all\one_method_simple.csproj", "{CF781626-F53F-48A2-A0DA-FF50B6A8D569}"
EndProject
Project("{9A19103F-16F7-4668-BE54-9A1E7A4F7556}") = "two_method_with_variable_parameter", "..\Method\two_method_with_variable_parameter\two_method_with_variable_parameter.csproj", "{B711569F-19DC-497D-B864-323BA25276AA}"
EndProject
Project("{9A19103F-16F7-4668-BE54-9A1E7A4F7556}") = "three_method_class_paramter", "..\Method\three_method_class_paramter\three_method_class_paramter.csproj", "{31BB933A-19A9-439E-B810-4E844F6D4C56}"
EndProject
Project("{9A19103F-16F7-4668-BE54-9A1E7A4F7556}") = "Four_method_variable_class_mix", "..\Method\Four_method_variable_class_mix\Four_method_variable_class_mix.csproj", "{514FD2C7-4D19-4E52-BF01-DED6B1BC8971}"
EndProject
Project("{9A19103F-16F7-4668-BE54-9A1E7A4F7556}") = "five_method_returnType", "..\Method\five_method_returnType\five_method_returnType.csproj", "{3B8EAECD-77ED-47D8-8461-634AA3578EFF}"
EndProject
Project("{9A19103F-16F7-4668-BE54-9A1E7A4F7556}") = "Six_Method_Static method", "..\Method\Six_Method_Static method\Six_Method_Static method.csproj", "{495031FD-006B-4AB9-B440-3EBF3BB7B020}"
EndProject
Project("{9A19103F-16F7-4668-BE54-9A1E7A4F7556}") = "Seven_method_overloading", "..\Method\Seven_method_overloading\Seven_method_overloading.csproj", "{3509D906-D9B0-4BF6-BCBF-833B5E98D00C}"
EndProject
Project("{9A19103F-16F7-4668-BE54-9A1E7A4F7556}") = "eight_method_PassByRef_PassByValue_passByout", "..\Method\eight_method_PassByRef_PassByValue_passByout\eight_method_PassByRef_PassByValue_passByout.csproj", "{CA911B49-24D0-40D4-94F0-184E103B09F0}"
EndProject
Project("{2150E333-8FDC-42A3-9474-1A3956D46DE8}") = "Property", "Property", "{EF415CCE-2A1E-4A91-B113-AFB4CA39FC46}"
EndProject
Project("{9A19103F-16F7-4668-BE54-9A1E7A4F7556}") = "One_property_simple", "..\Property\One_property_simple\One_property_simple.csproj", "{714A87B5-E2F5-4A74-B0A0-0FC8DD2017D9}"
EndProject
Project("{2150E333-8FDC-42A3-9474-1A3956D46DE8}") = "AccessSpecifier", "AccessSpecifier", "{38BFB680-13CF-4944-B568-3DA70ABA3878}"
	ProjectSection(SolutionItems) = preProject
		Interview_Access_Specifier.txt = Interview_Access_Specifier.txt
	EndProjectSection
EndProject
Project("{9A19103F-16F7-4668-BE54-9A1E7A4F7556}") = "one_access_Specifier", "..\AccessSpecifier\one_access_Specifier\one_access_Specifier.csproj", "{1B314522-F7EF-471A-BCB8-83AB1D348E51}"
EndProject
Project("{2150E333-8FDC-42A3-9474-1A3956D46DE8}") = "ExceptionHandling", "ExceptionHandling", "{5DD21394-2BAB-4FCF-88A3-F428704028EF}"
EndProject
Project("{9A19103F-16F7-4668-BE54-9A1E7A4F7556}") = "one_ExceptionHandling_Simple", "..\ExceptionHandling\one_ExceptionHandling_Simple\one_ExceptionHandling_Simple.csproj", "{26C60D5F-4539-4B96-9FA2-794204D683A1}"
EndProject
Project("{9A19103F-16F7-4668-BE54-9A1E7A4F7556}") = "Two_Exception_CatchBlock_understanding", "..\ExceptionHandling\Two_Exception_CatchBlock_understanding\Two_Exception_CatchBlock_understanding.csproj", "{527639A7-2BDF-4D4D-A45C-745D402846CC}"
EndProject
Project("{9A19103F-16F7-4668-BE54-9A1E7A4F7556}") = "three_exception_Catch_hierarchy", "..\ExceptionHandling\three_exception_Catch_hierarchy\three_exception_Catch_hierarchy.csproj", "{F01345D9-7E9B-4180-A558-AE6DAE035263}"
EndProject
Project("{FAE04EC0-301F-11D3-BF4B-00C04F79EFBC}") = "nine_constructore", "..\Method\nine_constructore\nine_constructore.csproj", "{9761EC5D-1E34-481A-A99F-7ED58C953E6C}"
EndProject
Global
	GlobalSection(SolutionConfigurationPlatforms) = preSolution
		Debug|Any CPU = Debug|Any CPU
		Release|Any CPU = Release|Any CPU
	EndGlobalSection
	GlobalSection(ProjectConfigurationPlatforms) = postSolution
		{7942F869-3C18-461F-A66B-E1709213BAD1}.Debug|Any CPU.ActiveCfg = Debug|Any CPU
		{7942F869-3C18-461F-A66B-E1709213BAD1}.Debug|Any CPU.Build.0 = Debug|Any CPU
		{7942F869-3C18-461F-A66B-E1709213BAD1}.Release|Any CPU.ActiveCfg = Release|Any CPU
		{7942F869-3C18-461F-A66B-E1709213BAD1}.Release|Any CPU.Build.0 = Release|Any CPU
		{9AEC2B3F-88C7-46EE-84F6-E83429089EDC}.Debug|Any CPU.ActiveCfg = Debug|Any CPU
		{9AEC2B3F-88C7-46EE-84F6-E83429089EDC}.Debug|Any CPU.Build.0 = Debug|Any CPU
		{9AEC2B3F-88C7-46EE-84F6-E83429089EDC}.Release|Any CPU.ActiveCfg = Release|Any CPU
		{9AEC2B3F-88C7-46EE-84F6-E83429089EDC}.Release|Any CPU.Build.0 = Release|Any CPU
		{DBAB7BD2-1DA9-4F51-8688-D06E762F8C49}.Debug|Any CPU.ActiveCfg = Debug|Any CPU
		{DBAB7BD2-1DA9-4F51-8688-D06E762F8C49}.Debug|Any CPU.Build.0 = Debug|Any CPU
		{DBAB7BD2-1DA9-4F51-8688-D06E762F8C49}.Release|Any CPU.ActiveCfg = Release|Any CPU
		{DBAB7BD2-1DA9-4F51-8688-D06E762F8C49}.Release|Any CPU.Build.0 = Release|Any CPU
		{0B2891C1-75E0-413A-9781-C0CDDACA6B90}.Debug|Any CPU.ActiveCfg = Debug|Any CPU
		{0B2891C1-75E0-413A-9781-C0CDDACA6B90}.Debug|Any CPU.Build.0 = Debug|Any CPU
		{0B2891C1-75E0-413A-9781-C0CDDACA6B90}.Release|Any CPU.ActiveCfg = Release|Any CPU
		{0B2891C1-75E0-413A-9781-C0CDDACA6B90}.Release|Any CPU.Build.0 = Release|Any CPU
		{7E375D1A-01B0-4ABF-82BB-CCF8C6A8A23E}.Debug|Any CPU.ActiveCfg = Debug|Any CPU
		{7E375D1A-01B0-4ABF-82BB-CCF8C6A8A23E}.Debug|Any CPU.Build.0 = Debug|Any CPU
		{7E375D1A-01B0-4ABF-82BB-CCF8C6A8A23E}.Release|Any CPU.ActiveCfg = Release|Any CPU
		{7E375D1A-01B0-4ABF-82BB-CCF8C6A8A23E}.Release|Any CPU.Build.0 = Release|Any CPU
		{3C2CE696-96B0-4AEF-BF77-E1D9329C8B1B}.Debug|Any CPU.ActiveCfg = Debug|Any CPU
		{3C2CE696-96B0-4AEF-BF77-E1D9329C8B1B}.Debug|Any CPU.Build.0 = Debug|Any CPU
		{3C2CE696-96B0-4AEF-BF77-E1D9329C8B1B}.Release|Any CPU.ActiveCfg = Release|Any CPU
		{3C2CE696-96B0-4AEF-BF77-E1D9329C8B1B}.Release|Any CPU.Build.0 = Release|Any CPU
		{23BA721A-04B5-4B76-B3A3-CA4D988CD5BA}.Debug|Any CPU.ActiveCfg = Debug|Any CPU
		{23BA721A-04B5-4B76-B3A3-CA4D988CD5BA}.Debug|Any CPU.Build.0 = Debug|Any CPU
		{23BA721A-04B5-4B76-B3A3-CA4D988CD5BA}.Release|Any CPU.ActiveCfg = Release|Any CPU
		{23BA721A-04B5-4B76-B3A3-CA4D988CD5BA}.Release|Any CPU.Build.0 = Release|Any CPU
		{62ABEE4A-E779-4D7B-A855-951783E5584D}.Debug|Any CPU.ActiveCfg = Debug|Any CPU
		{62ABEE4A-E779-4D7B-A855-951783E5584D}.Debug|Any CPU.Build.0 = Debug|Any CPU
		{62ABEE4A-E779-4D7B-A855-951783E5584D}.Release|Any CPU.ActiveCfg = Release|Any CPU
		{62ABEE4A-E779-4D7B-A855-951783E5584D}.Release|Any CPU.Build.0 = Release|Any CPU
		{0E13F747-97B0-4F74-B16E-34580BDD8B5C}.Debug|Any CPU.ActiveCfg = Debug|Any CPU
		{0E13F747-97B0-4F74-B16E-34580BDD8B5C}.Debug|Any CPU.Build.0 = Debug|Any CPU
		{0E13F747-97B0-4F74-B16E-34580BDD8B5C}.Release|Any CPU.ActiveCfg = Release|Any CPU
		{0E13F747-97B0-4F74-B16E-34580BDD8B5C}.Release|Any CPU.Build.0 = Release|Any CPU
		{2B1B84D6-32F7-4F69-AF49-3CA0E29FA172}.Debug|Any CPU.ActiveCfg = Debug|Any CPU
		{2B1B84D6-32F7-4F69-AF49-3CA0E29FA172}.Debug|Any CPU.Build.0 = Debug|Any CPU
		{2B1B84D6-32F7-4F69-AF49-3CA0E29FA172}.Release|Any CPU.ActiveCfg = Release|Any CPU
		{2B1B84D6-32F7-4F69-AF49-3CA0E29FA172}.Release|Any CPU.Build.0 = Release|Any CPU
		{D89299D9-62DB-4295-98B8-E116A3AC6D4F}.Debug|Any CPU.ActiveCfg = Debug|Any CPU
		{D89299D9-62DB-4295-98B8-E116A3AC6D4F}.Debug|Any CPU.Build.0 = Debug|Any CPU
		{D89299D9-62DB-4295-98B8-E116A3AC6D4F}.Release|Any CPU.ActiveCfg = Release|Any CPU
		{D89299D9-62DB-4295-98B8-E116A3AC6D4F}.Release|Any CPU.Build.0 = Release|Any CPU
		{FB2071FB-2EA0-4E68-906C-493128A1D979}.Debug|Any CPU.ActiveCfg = Debug|Any CPU
		{FB2071FB-2EA0-4E68-906C-493128A1D979}.Debug|Any CPU.Build.0 = Debug|Any CPU
		{FB2071FB-2EA0-4E68-906C-493128A1D979}.Release|Any CPU.ActiveCfg = Release|Any CPU
		{FB2071FB-2EA0-4E68-906C-493128A1D979}.Release|Any CPU.Build.0 = Release|Any CPU
		{695727B2-3F0C-4617-892A-B6EC4FCB116B}.Debug|Any CPU.ActiveCfg = Debug|Any CPU
		{695727B2-3F0C-4617-892A-B6EC4FCB116B}.Debug|Any CPU.Build.0 = Debug|Any CPU
		{695727B2-3F0C-4617-892A-B6EC4FCB116B}.Release|Any CPU.ActiveCfg = Release|Any CPU
		{695727B2-3F0C-4617-892A-B6EC4FCB116B}.Release|Any CPU.Build.0 = Release|Any CPU
		{140A919D-2D4A-4DCE-847D-08BE900D393C}.Debug|Any CPU.ActiveCfg = Debug|Any CPU
		{140A919D-2D4A-4DCE-847D-08BE900D393C}.Debug|Any CPU.Build.0 = Debug|Any CPU
		{140A919D-2D4A-4DCE-847D-08BE900D393C}.Release|Any CPU.ActiveCfg = Release|Any CPU
		{140A919D-2D4A-4DCE-847D-08BE900D393C}.Release|Any CPU.Build.0 = Release|Any CPU
		{187C2DA0-802A-4AED-8526-EC3F8896FF83}.Debug|Any CPU.ActiveCfg = Debug|Any CPU
		{187C2DA0-802A-4AED-8526-EC3F8896FF83}.Debug|Any CPU.Build.0 = Debug|Any CPU
		{187C2DA0-802A-4AED-8526-EC3F8896FF83}.Release|Any CPU.ActiveCfg = Release|Any CPU
		{187C2DA0-802A-4AED-8526-EC3F8896FF83}.Release|Any CPU.Build.0 = Release|Any CPU
		{57E932BC-F155-40A2-8DA0-7E852FAF89C6}.Debug|Any CPU.ActiveCfg = Debug|Any CPU
		{57E932BC-F155-40A2-8DA0-7E852FAF89C6}.Debug|Any CPU.Build.0 = Debug|Any CPU
		{57E932BC-F155-40A2-8DA0-7E852FAF89C6}.Release|Any CPU.ActiveCfg = Release|Any CPU
		{57E932BC-F155-40A2-8DA0-7E852FAF89C6}.Release|Any CPU.Build.0 = Release|Any CPU
		{8B1B5FA9-7604-4FBE-9579-5A0AEE5B7B9E}.Debug|Any CPU.ActiveCfg = Debug|Any CPU
		{8B1B5FA9-7604-4FBE-9579-5A0AEE5B7B9E}.Debug|Any CPU.Build.0 = Debug|Any CPU
		{8B1B5FA9-7604-4FBE-9579-5A0AEE5B7B9E}.Release|Any CPU.ActiveCfg = Release|Any CPU
		{8B1B5FA9-7604-4FBE-9579-5A0AEE5B7B9E}.Release|Any CPU.Build.0 = Release|Any CPU
		{47C32787-1F5B-4172-BB43-2E80548CDC9F}.Debug|Any CPU.ActiveCfg = Debug|Any CPU
		{47C32787-1F5B-4172-BB43-2E80548CDC9F}.Debug|Any CPU.Build.0 = Debug|Any CPU
		{47C32787-1F5B-4172-BB43-2E80548CDC9F}.Release|Any CPU.ActiveCfg = Release|Any CPU
		{47C32787-1F5B-4172-BB43-2E80548CDC9F}.Release|Any CPU.Build.0 = Release|Any CPU
		{CFF24943-0B64-47C5-97D6-EA1A490B6E64}.Debug|Any CPU.ActiveCfg = Debug|Any CPU
		{CFF24943-0B64-47C5-97D6-EA1A490B6E64}.Debug|Any CPU.Build.0 = Debug|Any CPU
		{CFF24943-0B64-47C5-97D6-EA1A490B6E64}.Release|Any CPU.ActiveCfg = Release|Any CPU
		{CFF24943-0B64-47C5-97D6-EA1A490B6E64}.Release|Any CPU.Build.0 = Release|Any CPU
		{1CCB381D-20A1-4AA1-9D3B-284ECE711E96}.Debug|Any CPU.ActiveCfg = Debug|Any CPU
		{1CCB381D-20A1-4AA1-9D3B-284ECE711E96}.Debug|Any CPU.Build.0 = Debug|Any CPU
		{1CCB381D-20A1-4AA1-9D3B-284ECE711E96}.Release|Any CPU.ActiveCfg = Release|Any CPU
		{1CCB381D-20A1-4AA1-9D3B-284ECE711E96}.Release|Any CPU.Build.0 = Release|Any CPU
		{8D68740C-787C-47AD-8AB2-8F80BE0A4755}.Debug|Any CPU.ActiveCfg = Debug|Any CPU
		{8D68740C-787C-47AD-8AB2-8F80BE0A4755}.Debug|Any CPU.Build.0 = Debug|Any CPU
		{8D68740C-787C-47AD-8AB2-8F80BE0A4755}.Release|Any CPU.ActiveCfg = Release|Any CPU
		{8D68740C-787C-47AD-8AB2-8F80BE0A4755}.Release|Any CPU.Build.0 = Release|Any CPU
		{3748C58D-7524-4AAA-A456-5DFC80544754}.Debug|Any CPU.ActiveCfg = Debug|Any CPU
		{3748C58D-7524-4AAA-A456-5DFC80544754}.Debug|Any CPU.Build.0 = Debug|Any CPU
		{3748C58D-7524-4AAA-A456-5DFC80544754}.Release|Any CPU.ActiveCfg = Release|Any CPU
		{3748C58D-7524-4AAA-A456-5DFC80544754}.Release|Any CPU.Build.0 = Release|Any CPU
		{621E832B-E2FF-41ED-84CE-1BF10F6DF711}.Debug|Any CPU.ActiveCfg = Debug|Any CPU
		{621E832B-E2FF-41ED-84CE-1BF10F6DF711}.Debug|Any CPU.Build.0 = Debug|Any CPU
		{621E832B-E2FF-41ED-84CE-1BF10F6DF711}.Release|Any CPU.ActiveCfg = Release|Any CPU
		{621E832B-E2FF-41ED-84CE-1BF10F6DF711}.Release|Any CPU.Build.0 = Release|Any CPU
		{D1AB7350-0FBC-4140-8D6A-19A02DC8DF6D}.Debug|Any CPU.ActiveCfg = Debug|Any CPU
		{D1AB7350-0FBC-4140-8D6A-19A02DC8DF6D}.Debug|Any CPU.Build.0 = Debug|Any CPU
		{D1AB7350-0FBC-4140-8D6A-19A02DC8DF6D}.Release|Any CPU.ActiveCfg = Release|Any CPU
		{D1AB7350-0FBC-4140-8D6A-19A02DC8DF6D}.Release|Any CPU.Build.0 = Release|Any CPU
		{CF781626-F53F-48A2-A0DA-FF50B6A8D569}.Debug|Any CPU.ActiveCfg = Debug|Any CPU
		{CF781626-F53F-48A2-A0DA-FF50B6A8D569}.Debug|Any CPU.Build.0 = Debug|Any CPU
		{CF781626-F53F-48A2-A0DA-FF50B6A8D569}.Release|Any CPU.ActiveCfg = Release|Any CPU
		{CF781626-F53F-48A2-A0DA-FF50B6A8D569}.Release|Any CPU.Build.0 = Release|Any CPU
		{B711569F-19DC-497D-B864-323BA25276AA}.Debug|Any CPU.ActiveCfg = Debug|Any CPU
		{B711569F-19DC-497D-B864-323BA25276AA}.Debug|Any CPU.Build.0 = Debug|Any CPU
		{B711569F-19DC-497D-B864-323BA25276AA}.Release|Any CPU.ActiveCfg = Release|Any CPU
		{B711569F-19DC-497D-B864-323BA25276AA}.Release|Any CPU.Build.0 = Release|Any CPU
		{31BB933A-19A9-439E-B810-4E844F6D4C56}.Debug|Any CPU.ActiveCfg = Debug|Any CPU
		{31BB933A-19A9-439E-B810-4E844F6D4C56}.Debug|Any CPU.Build.0 = Debug|Any CPU
		{31BB933A-19A9-439E-B810-4E844F6D4C56}.Release|Any CPU.ActiveCfg = Release|Any CPU
		{31BB933A-19A9-439E-B810-4E844F6D4C56}.Release|Any CPU.Build.0 = Release|Any CPU
		{514FD2C7-4D19-4E52-BF01-DED6B1BC8971}.Debug|Any CPU.ActiveCfg = Debug|Any CPU
		{514FD2C7-4D19-4E52-BF01-DED6B1BC8971}.Debug|Any CPU.Build.0 = Debug|Any CPU
		{514FD2C7-4D19-4E52-BF01-DED6B1BC8971}.Release|Any CPU.ActiveCfg = Release|Any CPU
		{514FD2C7-4D19-4E52-BF01-DED6B1BC8971}.Release|Any CPU.Build.0 = Release|Any CPU
		{3B8EAECD-77ED-47D8-8461-634AA3578EFF}.Debug|Any CPU.ActiveCfg = Debug|Any CPU
		{3B8EAECD-77ED-47D8-8461-634AA3578EFF}.Debug|Any CPU.Build.0 = Debug|Any CPU
		{3B8EAECD-77ED-47D8-8461-634AA3578EFF}.Release|Any CPU.ActiveCfg = Release|Any CPU
		{3B8EAECD-77ED-47D8-8461-634AA3578EFF}.Release|Any CPU.Build.0 = Release|Any CPU
		{495031FD-006B-4AB9-B440-3EBF3BB7B020}.Debug|Any CPU.ActiveCfg = Debug|Any CPU
		{495031FD-006B-4AB9-B440-3EBF3BB7B020}.Debug|Any CPU.Build.0 = Debug|Any CPU
		{495031FD-006B-4AB9-B440-3EBF3BB7B020}.Release|Any CPU.ActiveCfg = Release|Any CPU
		{495031FD-006B-4AB9-B440-3EBF3BB7B020}.Release|Any CPU.Build.0 = Release|Any CPU
		{3509D906-D9B0-4BF6-BCBF-833B5E98D00C}.Debug|Any CPU.ActiveCfg = Debug|Any CPU
		{3509D906-D9B0-4BF6-BCBF-833B5E98D00C}.Debug|Any CPU.Build.0 = Debug|Any CPU
		{3509D906-D9B0-4BF6-BCBF-833B5E98D00C}.Release|Any CPU.ActiveCfg = Release|Any CPU
		{3509D906-D9B0-4BF6-BCBF-833B5E98D00C}.Release|Any CPU.Build.0 = Release|Any CPU
		{CA911B49-24D0-40D4-94F0-184E103B09F0}.Debug|Any CPU.ActiveCfg = Debug|Any CPU
		{CA911B49-24D0-40D4-94F0-184E103B09F0}.Debug|Any CPU.Build.0 = Debug|Any CPU
		{CA911B49-24D0-40D4-94F0-184E103B09F0}.Release|Any CPU.ActiveCfg = Release|Any CPU
		{CA911B49-24D0-40D4-94F0-184E103B09F0}.Release|Any CPU.Build.0 = Release|Any CPU
		{714A87B5-E2F5-4A74-B0A0-0FC8DD2017D9}.Debug|Any CPU.ActiveCfg = Debug|Any CPU
		{714A87B5-E2F5-4A74-B0A0-0FC8DD2017D9}.Debug|Any CPU.Build.0 = Debug|Any CPU
		{714A87B5-E2F5-4A74-B0A0-0FC8DD2017D9}.Release|Any CPU.ActiveCfg = Release|Any CPU
		{714A87B5-E2F5-4A74-B0A0-0FC8DD2017D9}.Release|Any CPU.Build.0 = Release|Any CPU
		{1B314522-F7EF-471A-BCB8-83AB1D348E51}.Debug|Any CPU.ActiveCfg = Debug|Any CPU
		{1B314522-F7EF-471A-BCB8-83AB1D348E51}.Debug|Any CPU.Build.0 = Debug|Any CPU
		{1B314522-F7EF-471A-BCB8-83AB1D348E51}.Release|Any CPU.ActiveCfg = Release|Any CPU
		{1B314522-F7EF-471A-BCB8-83AB1D348E51}.Release|Any CPU.Build.0 = Release|Any CPU
		{26C60D5F-4539-4B96-9FA2-794204D683A1}.Debug|Any CPU.ActiveCfg = Debug|Any CPU
		{26C60D5F-4539-4B96-9FA2-794204D683A1}.Debug|Any CPU.Build.0 = Debug|Any CPU
		{26C60D5F-4539-4B96-9FA2-794204D683A1}.Release|Any CPU.ActiveCfg = Release|Any CPU
		{26C60D5F-4539-4B96-9FA2-794204D683A1}.Release|Any CPU.Build.0 = Release|Any CPU
		{527639A7-2BDF-4D4D-A45C-745D402846CC}.Debug|Any CPU.ActiveCfg = Debug|Any CPU
		{527639A7-2BDF-4D4D-A45C-745D402846CC}.Debug|Any CPU.Build.0 = Debug|Any CPU
		{527639A7-2BDF-4D4D-A45C-745D402846CC}.Release|Any CPU.ActiveCfg = Release|Any CPU
		{527639A7-2BDF-4D4D-A45C-745D402846CC}.Release|Any CPU.Build.0 = Release|Any CPU
		{F01345D9-7E9B-4180-A558-AE6DAE035263}.Debug|Any CPU.ActiveCfg = Debug|Any CPU
		{F01345D9-7E9B-4180-A558-AE6DAE035263}.Debug|Any CPU.Build.0 = Debug|Any CPU
		{F01345D9-7E9B-4180-A558-AE6DAE035263}.Release|Any CPU.ActiveCfg = Release|Any CPU
		{F01345D9-7E9B-4180-A558-AE6DAE035263}.Release|Any CPU.Build.0 = Release|Any CPU
		{9761EC5D-1E34-481A-A99F-7ED58C953E6C}.Debug|Any CPU.ActiveCfg = Debug|Any CPU
		{9761EC5D-1E34-481A-A99F-7ED58C953E6C}.Debug|Any CPU.Build.0 = Debug|Any CPU
		{9761EC5D-1E34-481A-A99F-7ED58C953E6C}.Release|Any CPU.ActiveCfg = Release|Any CPU
		{9761EC5D-1E34-481A-A99F-7ED58C953E6C}.Release|Any CPU.Build.0 = Release|Any CPU
	EndGlobalSection
	GlobalSection(SolutionProperties) = preSolution
		HideSolutionNode = FALSE
	EndGlobalSection
	GlobalSection(NestedProjects) = preSolution
		{7942F869-3C18-461F-A66B-E1709213BAD1} = {04055465-5E1C-4594-B031-AE474944999D}
		{9AEC2B3F-88C7-46EE-84F6-E83429089EDC} = {04055465-5E1C-4594-B031-AE474944999D}
		{DBAB7BD2-1DA9-4F51-8688-D06E762F8C49} = {04055465-5E1C-4594-B031-AE474944999D}
		{0B2891C1-75E0-413A-9781-C0CDDACA6B90} = {04055465-5E1C-4594-B031-AE474944999D}
		{7E375D1A-01B0-4ABF-82BB-CCF8C6A8A23E} = {04055465-5E1C-4594-B031-AE474944999D}
		{3C2CE696-96B0-4AEF-BF77-E1D9329C8B1B} = {DE60EA27-47E5-484B-A987-9D326CF7B45C}
		{23BA721A-04B5-4B76-B3A3-CA4D988CD5BA} = {DE60EA27-47E5-484B-A987-9D326CF7B45C}
		{62ABEE4A-E779-4D7B-A855-951783E5584D} = {04055465-5E1C-4594-B031-AE474944999D}
		{0E13F747-97B0-4F74-B16E-34580BDD8B5C} = {04055465-5E1C-4594-B031-AE474944999D}
		{2B1B84D6-32F7-4F69-AF49-3CA0E29FA172} = {DE60EA27-47E5-484B-A987-9D326CF7B45C}
		{D89299D9-62DB-4295-98B8-E116A3AC6D4F} = {DFE2D59D-3178-423E-814A-B5A98AD448AE}
		{FB2071FB-2EA0-4E68-906C-493128A1D979} = {DFE2D59D-3178-423E-814A-B5A98AD448AE}
		{695727B2-3F0C-4617-892A-B6EC4FCB116B} = {DFE2D59D-3178-423E-814A-B5A98AD448AE}
		{140A919D-2D4A-4DCE-847D-08BE900D393C} = {DFE2D59D-3178-423E-814A-B5A98AD448AE}
		{187C2DA0-802A-4AED-8526-EC3F8896FF83} = {04055465-5E1C-4594-B031-AE474944999D}
		{57E932BC-F155-40A2-8DA0-7E852FAF89C6} = {A9C8A72A-57AC-486E-B296-CB856FA99AF7}
		{8B1B5FA9-7604-4FBE-9579-5A0AEE5B7B9E} = {87CC461B-053E-4926-9A21-D3C9E7AA8852}
		{47C32787-1F5B-4172-BB43-2E80548CDC9F} = {87CC461B-053E-4926-9A21-D3C9E7AA8852}
		{CFF24943-0B64-47C5-97D6-EA1A490B6E64} = {87CC461B-053E-4926-9A21-D3C9E7AA8852}
		{1CCB381D-20A1-4AA1-9D3B-284ECE711E96} = {295DD318-AA21-4E2D-A98B-BF96DB15C6AD}
		{8D68740C-787C-47AD-8AB2-8F80BE0A4755} = {295DD318-AA21-4E2D-A98B-BF96DB15C6AD}
		{3748C58D-7524-4AAA-A456-5DFC80544754} = {295DD318-AA21-4E2D-A98B-BF96DB15C6AD}
		{621E832B-E2FF-41ED-84CE-1BF10F6DF711} = {295DD318-AA21-4E2D-A98B-BF96DB15C6AD}
		{D1AB7350-0FBC-4140-8D6A-19A02DC8DF6D} = {295DD318-AA21-4E2D-A98B-BF96DB15C6AD}
		{CF781626-F53F-48A2-A0DA-FF50B6A8D569} = {C329FD3C-A9BE-4760-BB0E-FD60F786D943}
		{B711569F-19DC-497D-B864-323BA25276AA} = {C329FD3C-A9BE-4760-BB0E-FD60F786D943}
		{31BB933A-19A9-439E-B810-4E844F6D4C56} = {C329FD3C-A9BE-4760-BB0E-FD60F786D943}
		{514FD2C7-4D19-4E52-BF01-DED6B1BC8971} = {C329FD3C-A9BE-4760-BB0E-FD60F786D943}
		{3B8EAECD-77ED-47D8-8461-634AA3578EFF} = {C329FD3C-A9BE-4760-BB0E-FD60F786D943}
		{495031FD-006B-4AB9-B440-3EBF3BB7B020} = {C329FD3C-A9BE-4760-BB0E-FD60F786D943}
		{3509D906-D9B0-4BF6-BCBF-833B5E98D00C} = {C329FD3C-A9BE-4760-BB0E-FD60F786D943}
		{CA911B49-24D0-40D4-94F0-184E103B09F0} = {C329FD3C-A9BE-4760-BB0E-FD60F786D943}
		{714A87B5-E2F5-4A74-B0A0-0FC8DD2017D9} = {EF415CCE-2A1E-4A91-B113-AFB4CA39FC46}
		{1B314522-F7EF-471A-BCB8-83AB1D348E51} = {38BFB680-13CF-4944-B568-3DA70ABA3878}
		{26C60D5F-4539-4B96-9FA2-794204D683A1} = {5DD21394-2BAB-4FCF-88A3-F428704028EF}
		{527639A7-2BDF-4D4D-A45C-745D402846CC} = {5DD21394-2BAB-4FCF-88A3-F428704028EF}
		{F01345D9-7E9B-4180-A558-AE6DAE035263} = {5DD21394-2BAB-4FCF-88A3-F428704028EF}
		{9761EC5D-1E34-481A-A99F-7ED58C953E6C} = {C329FD3C-A9BE-4760-BB0E-FD60F786D943}
	EndGlobalSection
	GlobalSection(ExtensibilityGlobals) = postSolution
		SolutionGuid = {1F6D93CC-614D-4276-871E-28311B846721}
	EndGlobalSection
EndGlobal
